
Microsoft Visual Studio Solution File, Format Version 12.00
# Visual Studio 15
Project("{FAE04EC0-301F-11D3-BF4B-00C04F79EFBC}") = "Assembly-CSharp", "Assembly-CSharp.csproj", "{308F6A21-214C-0C49-9C0E-BAA7CAE7462C}"
EndProject
Project("{FAE04EC0-301F-11D3-BF4B-00C04F79EFBC}") = "Assembly-CSharp-Editor", "Assembly-CSharp-Editor.csproj", "{5ED5D88D-C938-3633-D2AF-E019A8812803}"
EndProject
Global
	GlobalSection(SolutionConfigurationPlatforms) = preSolution
		Debug|Any CPU = Debug|Any CPU
		Release|Any CPU = Release|Any CPU
	EndGlobalSection
	GlobalSection(ProjectConfigurationPlatforms) = postSolution
		{308F6A21-214C-0C49-9C0E-BAA7CAE7462C}.Debug|Any CPU.ActiveCfg = Debug|Any CPU
		{308F6A21-214C-0C49-9C0E-BAA7CAE7462C}.Debug|Any CPU.Build.0 = Debug|Any CPU
		{308F6A21-214C-0C49-9C0E-BAA7CAE7462C}.Release|Any CPU.ActiveCfg = Release|Any CPU
		{308F6A21-214C-0C49-9C0E-BAA7CAE7462C}.Release|Any CPU.Build.0 = Release|Any CPU
		{5ED5D88D-C938-3633-D2AF-E019A8812803}.Debug|Any CPU.ActiveCfg = Debug|Any CPU
		{5ED5D88D-C938-3633-D2AF-E019A8812803}.Debug|Any CPU.Build.0 = Debug|Any CPU
		{5ED5D88D-C938-3633-D2AF-E019A8812803}.Release|Any CPU.ActiveCfg = Release|Any CPU
		{5ED5D88D-C938-3633-D2AF-E019A8812803}.Release|Any CPU.Build.0 = Release|Any CPU
	EndGlobalSection
	GlobalSection(SolutionProperties) = preSolution
		HideSolutionNode = FALSE
	EndGlobalSection
EndGlobal
